// !$*UTF8*$!
{
	archiveVersion = 1;
	classes = {
	};
	objectVersion = 55;
	objects = {

/* Begin PBXBuildFile section */
		D39FB54928197D9B0000D5AB /* AppDelegate.swift in Sources */ = {isa = PBXBuildFile; fileRef = D39FB54828197D9B0000D5AB /* AppDelegate.swift */; };
		D39FB54B28197D9B0000D5AB /* SceneDelegate.swift in Sources */ = {isa = PBXBuildFile; fileRef = D39FB54A28197D9B0000D5AB /* SceneDelegate.swift */; };
		D39FB54D28197D9B0000D5AB /* ViewController.swift in Sources */ = {isa = PBXBuildFile; fileRef = D39FB54C28197D9B0000D5AB /* ViewController.swift */; };
		D39FB55028197D9B0000D5AB /* Main.storyboard in Resources */ = {isa = PBXBuildFile; fileRef = D39FB54E28197D9B0000D5AB /* Main.storyboard */; };
		D39FB55328197D9B0000D5AB /* MyBelongings.xcdatamodeld in Sources */ = {isa = PBXBuildFile; fileRef = D39FB55128197D9B0000D5AB /* MyBelongings.xcdatamodeld */; };
		D39FB55528197D9D0000D5AB /* Assets.xcassets in Resources */ = {isa = PBXBuildFile; fileRef = D39FB55428197D9D0000D5AB /* Assets.xcassets */; };
		D39FB55828197D9D0000D5AB /* LaunchScreen.storyboard in Resources */ = {isa = PBXBuildFile; fileRef = D39FB55628197D9D0000D5AB /* LaunchScreen.storyboard */; };
		D39FB564281990770000D5AB /* HomeViewController.swift in Sources */ = {isa = PBXBuildFile; fileRef = D39FB563281990770000D5AB /* HomeViewController.swift */; };
/* End PBXBuildFile section */

/* Begin PBXFileReference section */
		D39FB54528197D9B0000D5AB /* MyBelongings.app */ = {isa = PBXFileReference; explicitFileType = wrapper.application; includeInIndex = 0; path = MyBelongings.app; sourceTree = BUILT_PRODUCTS_DIR; };
		D39FB54828197D9B0000D5AB /* AppDelegate.swift */ = {isa = PBXFileReference; lastKnownFileType = sourcecode.swift; path = AppDelegate.swift; sourceTree = "<group>"; };
		D39FB54A28197D9B0000D5AB /* SceneDelegate.swift */ = {isa = PBXFileReference; lastKnownFileType = sourcecode.swift; path = SceneDelegate.swift; sourceTree = "<group>"; };
		D39FB54C28197D9B0000D5AB /* ViewController.swift */ = {isa = PBXFileReference; lastKnownFileType = sourcecode.swift; path = ViewController.swift; sourceTree = "<group>"; };
		D39FB54F28197D9B0000D5AB /* Base */ = {isa = PBXFileReference; lastKnownFileType = file.storyboard; name = Base; path = Base.lproj/Main.storyboard; sourceTree = "<group>"; };
		D39FB55228197D9B0000D5AB /* MyBelongings.xcdatamodel */ = {isa = PBXFileReference; lastKnownFileType = wrapper.xcdatamodel; path = MyBelongings.xcdatamodel; sourceTree = "<group>"; };
		D39FB55428197D9D0000D5AB /* Assets.xcassets */ = {isa = PBXFileReference; lastKnownFileType = folder.assetcatalog; path = Assets.xcassets; sourceTree = "<group>"; };
		D39FB55728197D9D0000D5AB /* Base */ = {isa = PBXFileReference; lastKnownFileType = file.storyboard; name = Base; path = Base.lproj/LaunchScreen.storyboard; sourceTree = "<group>"; };
		D39FB55928197D9D0000D5AB /* Info.plist */ = {isa = PBXFileReference; lastKnownFileType = text.plist.xml; path = Info.plist; sourceTree = "<group>"; };
		D39FB563281990770000D5AB /* HomeViewController.swift */ = {isa = PBXFileReference; lastKnownFileType = sourcecode.swift; path = HomeViewController.swift; sourceTree = "<group>"; };
/* End PBXFileReference section */

/* Begin PBXFrameworksBuildPhase section */
		D39FB54228197D9B0000D5AB /* Frameworks */ = {
			isa = PBXFrameworksBuildPhase;
			buildActionMask = 2147483647;
			files = (
			);
			runOnlyForDeploymentPostprocessing = 0;
		};
/* End PBXFrameworksBuildPhase section */

/* Begin PBXGroup section */
		D39FB53C28197D9B0000D5AB = {
			isa = PBXGroup;
			children = (
				D39FB54728197D9B0000D5AB /* MyBelongings */,
				D39FB54628197D9B0000D5AB /* Products */,
			);
			sourceTree = "<group>";
		};
		D39FB54628197D9B0000D5AB /* Products */ = {
			isa = PBXGroup;
			children = (
				D39FB54528197D9B0000D5AB /* MyBelongings.app */,
			);
			name = Products;
			sourceTree = "<group>";
		};
		D39FB54728197D9B0000D5AB /* MyBelongings */ = {
			isa = PBXGroup;
			children = (
				D39FB54828197D9B0000D5AB /* AppDelegate.swift */,
				D39FB54A28197D9B0000D5AB /* SceneDelegate.swift */,
				D39FB55F28197DC50000D5AB /* Model */,
				D39FB56128197DEA0000D5AB /* View */,
				D39FB56228197DF10000D5AB /* Controller */,
				D39FB55428197D9D0000D5AB /* Assets.xcassets */,
				D39FB55928197D9D0000D5AB /* Info.plist */,
				D39FB55128197D9B0000D5AB /* MyBelongings.xcdatamodeld */,
			);
			path = MyBelongings;
			sourceTree = "<group>";
		};
		D39FB55F28197DC50000D5AB /* Model */ = {
			isa = PBXGroup;
			children = (
			);
			path = Model;
			sourceTree = "<group>";
		};
		D39FB56128197DEA0000D5AB /* View */ = {
			isa = PBXGroup;
			children = (
				D39FB55628197D9D0000D5AB /* LaunchScreen.storyboard */,
				D39FB54E28197D9B0000D5AB /* Main.storyboard */,
			);
			path = View;
			sourceTree = "<group>";
		};
		D39FB56228197DF10000D5AB /* Controller */ = {
			isa = PBXGroup;
			children = (
				D39FB54C28197D9B0000D5AB /* ViewController.swift */,
				D39FB563281990770000D5AB /* HomeViewController.swift */,
			);
			path = Controller;
			sourceTree = "<group>";
		};
/* End PBXGroup section */

/* Begin PBXNativeTarget section */
		D39FB54428197D9B0000D5AB /* MyBelongings */ = {
			isa = PBXNativeTarget;
			buildConfigurationList = D39FB55C28197D9D0000D5AB /* Build configuration list for PBXNativeTarget "MyBelongings" */;
			buildPhases = (
				D39FB54128197D9B0000D5AB /* Sources */,
				D39FB54228197D9B0000D5AB /* Frameworks */,
				D39FB54328197D9B0000D5AB /* Resources */,
			);
			buildRules = (
			);
			dependencies = (
			);
			name = MyBelongings;
			productName = MyBelongings;
			productReference = D39FB54528197D9B0000D5AB /* MyBelongings.app */;
			productType = "com.apple.product-type.application";
		};
/* End PBXNativeTarget section */

/* Begin PBXProject section */
		D39FB53D28197D9B0000D5AB /* Project object */ = {
			isa = PBXProject;
			attributes = {
				BuildIndependentTargetsInParallel = 1;
				LastSwiftUpdateCheck = 1330;
				LastUpgradeCheck = 1330;
				TargetAttributes = {
					D39FB54428197D9B0000D5AB = {
						CreatedOnToolsVersion = 13.3.1;
					};
				};
			};
			buildConfigurationList = D39FB54028197D9B0000D5AB /* Build configuration list for PBXProject "MyBelongings" */;
			compatibilityVersion = "Xcode 13.0";
			developmentRegion = en;
			hasScannedForEncodings = 0;
			knownRegions = (
				en,
				Base,
			);
			mainGroup = D39FB53C28197D9B0000D5AB;
			productRefGroup = D39FB54628197D9B0000D5AB /* Products */;
			projectDirPath = "";
			projectRoot = "";
			targets = (
				D39FB54428197D9B0000D5AB /* MyBelongings */,
			);
		};
/* End PBXProject section */

/* Begin PBXResourcesBuildPhase section */
		D39FB54328197D9B0000D5AB /* Resources */ = {
			isa = PBXResourcesBuildPhase;
			buildActionMask = 2147483647;
			files = (
				D39FB55828197D9D0000D5AB /* LaunchScreen.storyboard in Resources */,
				D39FB55528197D9D0000D5AB /* Assets.xcassets in Resources */,
				D39FB55028197D9B0000D5AB /* Main.storyboard in Resources */,
			);
			runOnlyForDeploymentPostprocessing = 0;
		};
/* End PBXResourcesBuildPhase section */

/* Begin PBXSourcesBuildPhase section */
		D39FB54128197D9B0000D5AB /* Sources */ = {
			isa = PBXSourcesBuildPhase;
			buildActionMask = 2147483647;
			files = (
				D39FB564281990770000D5AB /* HomeViewController.swift in Sources */,
				D39FB54D28197D9B0000D5AB /* ViewController.swift in Sources */,
				D39FB54928197D9B0000D5AB /* AppDelegate.swift in Sources */,
				D39FB54B28197D9B0000D5AB /* SceneDelegate.swift in Sources */,
				D39FB55328197D9B0000D5AB /* MyBelongings.xcdatamodeld in Sources */,
			);
			runOnlyForDeploymentPostprocessing = 0;
		};
/* End PBXSourcesBuildPhase section */

/* Begin PBXVariantGroup section */
		D39FB54E28197D9B0000D5AB /* Main.storyboard */ = {
			isa = PBXVariantGroup;
			children = (
				D39FB54F28197D9B0000D5AB /* Base */,
			);
			name = Main.storyboard;
			sourceTree = "<group>";
		};
		D39FB55628197D9D0000D5AB /* LaunchScreen.storyboard */ = {
			isa = PBXVariantGroup;
			children = (
				D39FB55728197D9D0000D5AB /* Base */,
			);
			name = LaunchScreen.storyboard;
			sourceTree = "<group>";
		};
/* End PBXVariantGroup section */

/* Begin XCBuildConfiguration section */
		D39FB55A28197D9D0000D5AB /* Debug */ = {
			isa = XCBuildConfiguration;
			buildSettings = {
				ALWAYS_SEARCH_USER_PATHS = NO;
				CLANG_ANALYZER_NONNULL = YES;
				CLANG_ANALYZER_NUMBER_OBJECT_CONVERSION = YES_AGGRESSIVE;
				CLANG_CXX_LANGUAGE_STANDARD = "gnu++17";
				CLANG_ENABLE_MODULES = YES;
				CLANG_ENABLE_OBJC_ARC = YES;
				CLANG_ENABLE_OBJC_WEAK = YES;
				CLANG_WARN_BLOCK_CAPTURE_AUTORELEASING = YES;
				CLANG_WARN_BOOL_CONVERSION = YES;
				CLANG_WARN_COMMA = YES;
				CLANG_WARN_CONSTANT_CONVERSION = YES;
				CLANG_WARN_DEPRECATED_OBJC_IMPLEMENTATIONS = YES;
				CLANG_WARN_DIRECT_OBJC_ISA_USAGE = YES_ERROR;
				CLANG_WARN_DOCUMENTATION_COMMENTS = YES;
				CLANG_WARN_EMPTY_BODY = YES;
				CLANG_WARN_ENUM_CONVERSION = YES;
				CLANG_WARN_INFINITE_RECURSION = YES;
				CLANG_WARN_INT_CONVERSION = YES;
				CLANG_WARN_NON_LITERAL_NULL_CONVERSION = YES;
				CLANG_WARN_OBJC_IMPLICIT_RETAIN_SELF = YES;
				CLANG_WARN_OBJC_LITERAL_CONVERSION = YES;
				CLANG_WARN_OBJC_ROOT_CLASS = YES_ERROR;
				CLANG_WARN_QUOTED_INCLUDE_IN_FRAMEWORK_HEADER = YES;
				CLANG_WARN_RANGE_LOOP_ANALYSIS = YES;
				CLANG_WARN_STRICT_PROTOTYPES = YES;
				CLANG_WARN_SUSPICIOUS_MOVE = YES;
				CLANG_WARN_UNGUARDED_AVAILABILITY = YES_AGGRESSIVE;
				CLANG_WARN_UNREACHABLE_CODE = YES;
				CLANG_WARN__DUPLICATE_METHOD_MATCH = YES;
				COPY_PHASE_STRIP = NO;
				DEBUG_INFORMATION_FORMAT = dwarf;
				ENABLE_STRICT_OBJC_MSGSEND = YES;
				ENABLE_TESTABILITY = YES;
				GCC_C_LANGUAGE_STANDARD = gnu11;
				GCC_DYNAMIC_NO_PIC = NO;
				GCC_NO_COMMON_BLOCKS = YES;
				GCC_OPTIMIZATION_LEVEL = 0;
				GCC_PREPROCESSOR_DEFINITIONS = (
					"DEBUG=1",
					"$(inherited)",
				);
				GCC_WARN_64_TO_32_BIT_CONVERSION = YES;
				GCC_WARN_ABOUT_RETURN_TYPE = YES_ERROR;
				GCC_WARN_UNDECLARED_SELECTOR = YES;
				GCC_WARN_UNINITIALIZED_AUTOS = YES_AGGRESSIVE;
				GCC_WARN_UNUSED_FUNCTION = YES;
				GCC_WARN_UNUSED_VARIABLE = YES;
				IPHONEOS_DEPLOYMENT_TARGET = 15.4;
				MTL_ENABLE_DEBUG_INFO = INCLUDE_SOURCE;
				MTL_FAST_MATH = YES;
				ONLY_ACTIVE_ARCH = YES;
				SDKROOT = iphoneos;
				SWIFT_ACTIVE_COMPILATION_CONDITIONS = DEBUG;
				SWIFT_OPTIMIZATION_LEVEL = "-Onone";
			};
			name = Debug;
		};
		D39FB55B28197D9D0000D5AB /* Release */ = {
			isa = XCBuildConfiguration;
			buildSettings = {
				ALWAYS_SEARCH_USER_PATHS = NO;
				CLANG_ANALYZER_NONNULL = YES;
				CLANG_ANALYZER_NUMBER_OBJECT_CONVERSION = YES_AGGRESSIVE;
				CLANG_CXX_LANGUAGE_STANDARD = "gnu++17";
				CLANG_ENABLE_MODULES = YES;
				CLANG_ENABLE_OBJC_ARC = YES;
				CLANG_ENABLE_OBJC_WEAK = YES;
				CLANG_WARN_BLOCK_CAPTURE_AUTORELEASING = YES;
				CLANG_WARN_BOOL_CONVERSION = YES;
				CLANG_WARN_COMMA = YES;
				CLANG_WARN_CONSTANT_CONVERSION = YES;
				CLANG_WARN_DEPRECATED_OBJC_IMPLEMENTATIONS = YES;
				CLANG_WARN_DIRECT_OBJC_ISA_USAGE = YES_ERROR;
				CLANG_WARN_DOCUMENTATION_COMMENTS = YES;
				CLANG_WARN_EMPTY_BODY = YES;
				CLANG_WARN_ENUM_CONVERSION = YES;
				CLANG_WARN_INFINITE_RECURSION = YES;
				CLANG_WARN_INT_CONVERSION = YES;
				CLANG_WARN_NON_LITERAL_NULL_CONVERSION = YES;
				CLANG_WARN_OBJC_IMPLICIT_RETAIN_SELF = YES;
				CLANG_WARN_OBJC_LITERAL_CONVERSION = YES;
				CLANG_WARN_OBJC_ROOT_CLASS = YES_ERROR;
				CLANG_WARN_QUOTED_INCLUDE_IN_FRAMEWORK_HEADER = YES;
				CLANG_WARN_RANGE_LOOP_ANALYSIS = YES;
				CLANG_WARN_STRICT_PROTOTYPES = YES;
				CLANG_WARN_SUSPICIOUS_MOVE = YES;
				CLANG_WARN_UNGUARDED_AVAILABILITY = YES_AGGRESSIVE;
				CLANG_WARN_UNREACHABLE_CODE = YES;
				CLANG_WARN__DUPLICATE_METHOD_MATCH = YES;
				COPY_PHASE_STRIP = NO;
				DEBUG_INFORMATION_FORMAT = "dwarf-with-dsym";
				ENABLE_NS_ASSERTIONS = NO;
				ENABLE_STRICT_OBJC_MSGSEND = YES;
				GCC_C_LANGUAGE_STANDARD = gnu11;
				GCC_NO_COMMON_BLOCKS = YES;
				GCC_WARN_64_TO_32_BIT_CONVERSION = YES;
				GCC_WARN_ABOUT_RETURN_TYPE = YES_ERROR;
				GCC_WARN_UNDECLARED_SELECTOR = YES;
				GCC_WARN_UNINITIALIZED_AUTOS = YES_AGGRESSIVE;
				GCC_WARN_UNUSED_FUNCTION = YES;
				GCC_WARN_UNUSED_VARIABLE = YES;
				IPHONEOS_DEPLOYMENT_TARGET = 15.4;
				MTL_ENABLE_DEBUG_INFO = NO;
				MTL_FAST_MATH = YES;
				SDKROOT = iphoneos;
				SWIFT_COMPILATION_MODE = wholemodule;
				SWIFT_OPTIMIZATION_LEVEL = "-O";
				VALIDATE_PRODUCT = YES;
			};
			name = Release;
		};
		D39FB55D28197D9D0000D5AB /* Debug */ = {
			isa = XCBuildConfiguration;
			buildSettings = {
				ASSETCATALOG_COMPILER_APPICON_NAME = AppIcon;
				ASSETCATALOG_COMPILER_GLOBAL_ACCENT_COLOR_NAME = AccentColor;
				CODE_SIGN_STYLE = Automatic;
				CURRENT_PROJECT_VERSION = 1;
				DEVELOPMENT_TEAM = 57324CTP27;
				GENERATE_INFOPLIST_FILE = YES;
				INFOPLIST_FILE = MyBelongings/Info.plist;
				INFOPLIST_KEY_UIApplicationSupportsIndirectInputEvents = YES;
				INFOPLIST_KEY_UILaunchStoryboardName = LaunchScreen;
				INFOPLIST_KEY_UIMainStoryboardFile = Main;
				INFOPLIST_KEY_UISupportedInterfaceOrientations_iPad = "UIInterfaceOrientationPortrait UIInterfaceOrientationPortraitUpsideDown UIInterfaceOrientationLandscapeLeft UIInterfaceOrientationLandscapeRight";
				INFOPLIST_KEY_UISupportedInterfaceOrientations_iPhone = "UIInterfaceOrientationPortrait UIInterfaceOrientationLandscapeLeft UIInterfaceOrientationLandscapeRight";
				LD_RUNPATH_SEARCH_PATHS = (
					"$(inherited)",
					"@executable_path/Frameworks",
				);
				MARKETING_VERSION = 1.0;
				PRODUCT_BUNDLE_IDENTIFIER = com.centsu.MyBelongings;
				PRODUCT_NAME = "$(TARGET_NAME)";
				SWIFT_EMIT_LOC_STRINGS = YES;
				SWIFT_VERSION = 5.0;
				TARGETED_DEVICE_FAMILY = "1,2";
			};
			name = Debug;
		};
		D39FB55E28197D9D0000D5AB /* Release */ = {
			isa = XCBuildConfiguration;
			buildSettings = {
				ASSETCATALOG_COMPILER_APPICON_NAME = AppIcon;
				ASSETCATALOG_COMPILER_GLOBAL_ACCENT_COLOR_NAME = AccentColor;
				CODE_SIGN_STYLE = Automatic;
				CURRENT_PROJECT_VERSION = 1;
				DEVELOPMENT_TEAM = 57324CTP27;
				GENERATE_INFOPLIST_FILE = YES;
				INFOPLIST_FILE = MyBelongings/Info.plist;
				INFOPLIST_KEY_UIApplicationSupportsIndirectInputEvents = YES;
				INFOPLIST_KEY_UILaunchStoryboardName = LaunchScreen;
				INFOPLIST_KEY_UIMainStoryboardFile = Main;
				INFOPLIST_KEY_UISupportedInterfaceOrientations_iPad = "UIInterfaceOrientationPortrait UIInterfaceOrientationPortraitUpsideDown UIInterfaceOrientationLandscapeLeft UIInterfaceOrientationLandscapeRight";
				INFOPLIST_KEY_UISupportedInterfaceOrientations_iPhone = "UIInterfaceOrientationPortrait UIInterfaceOrientationLandscapeLeft UIInterfaceOrientationLandscapeRight";
				LD_RUNPATH_SEARCH_PATHS = (
					"$(inherited)",
					"@executable_path/Frameworks",
				);
				MARKETING_VERSION = 1.0;
				PRODUCT_BUNDLE_IDENTIFIER = com.centsu.MyBelongings;
				PRODUCT_NAME = "$(TARGET_NAME)";
				SWIFT_EMIT_LOC_STRINGS = YES;
				SWIFT_VERSION = 5.0;
				TARGETED_DEVICE_FAMILY = "1,2";
			};
			name = Release;
		};
/* End XCBuildConfiguration section */

/* Begin XCConfigurationList section */
		D39FB54028197D9B0000D5AB /* Build configuration list for PBXProject "MyBelongings" */ = {
			isa = XCConfigurationList;
			buildConfigurations = (
				D39FB55A28197D9D0000D5AB /* Debug */,
				D39FB55B28197D9D0000D5AB /* Release */,
			);
			defaultConfigurationIsVisible = 0;
			defaultConfigurationName = Release;
		};
		D39FB55C28197D9D0000D5AB /* Build configuration list for PBXNativeTarget "MyBelongings" */ = {
			isa = XCConfigurationList;
			buildConfigurations = (
				D39FB55D28197D9D0000D5AB /* Debug */,
				D39FB55E28197D9D0000D5AB /* Release */,
			);
			defaultConfigurationIsVisible = 0;
			defaultConfigurationName = Release;
		};
/* End XCConfigurationList section */

/* Begin XCVersionGroup section */
		D39FB55128197D9B0000D5AB /* MyBelongings.xcdatamodeld */ = {
			isa = XCVersionGroup;
			children = (
				D39FB55228197D9B0000D5AB /* MyBelongings.xcdatamodel */,
			);
			currentVersion = D39FB55228197D9B0000D5AB /* MyBelongings.xcdatamodel */;
			path = MyBelongings.xcdatamodeld;
			sourceTree = "<group>";
			versionGroupType = wrapper.xcdatamodel;
		};
/* End XCVersionGroup section */
	};
	rootObject = D39FB53D28197D9B0000D5AB /* Project object */;
}
